
Microsoft Visual Studio Solution File, Format Version 12.00
# Visual Studio Version 17
VisualStudioVersion = 17.10.35013.160
MinimumVisualStudioVersion = 10.0.40219.1
Project("{FAE04EC0-301F-11D3-BF4B-00C04F79EFBC}") = "RenomeiaArqXML", "RenomeiaArqXML.csproj", "{D88BDE61-030E-445F-998E-AFCBB4592104}"
EndProject
Global
	GlobalSection(SolutionConfigurationPlatforms) = preSolution
		Debug|Any CPU = Debug|Any CPU
		Release|Any CPU = Release|Any CPU
	EndGlobalSection
	GlobalSection(ProjectConfigurationPlatforms) = postSolution
		{D88BDE61-030E-445F-998E-AFCBB4592104}.Debug|Any CPU.ActiveCfg = Debug|Any CPU
		{D88BDE61-030E-445F-998E-AFCBB4592104}.Debug|Any CPU.Build.0 = Debug|Any CPU
		{D88BDE61-030E-445F-998E-AFCBB4592104}.Release|Any CPU.ActiveCfg = Release|Any CPU
		{D88BDE61-030E-445F-998E-AFCBB4592104}.Release|Any CPU.Build.0 = Release|Any CPU
	EndGlobalSection
	GlobalSection(SolutionProperties) = preSolution
		HideSolutionNode = FALSE
	EndGlobalSection
	GlobalSection(ExtensibilityGlobals) = postSolution
		SolutionGuid = {F6A80706-D1F5-494C-A158-91EC5119F021}
	EndGlobalSection
EndGlobal
